
Microsoft Visual Studio Solution File, Format Version 12.00
# Visual Studio 15
VisualStudioVersion = 15.0.28010.2041
MinimumVisualStudioVersion = 10.0.40219.1
Project("{F184B08F-C81C-45F6-A57F-5ABD9991F28F}") = "Laundry", "Laundry\Laundry.vbproj", "{E0ED39EC-939B-46B6-8609-2575E592BFBA}"
EndProject
Global
	GlobalSection(SolutionConfigurationPlatforms) = preSolution
		Debug|Any CPU = Debug|Any CPU
		Release|Any CPU = Release|Any CPU
	EndGlobalSection
	GlobalSection(ProjectConfigurationPlatforms) = postSolution
		{E0ED39EC-939B-46B6-8609-2575E592BFBA}.Debug|Any CPU.ActiveCfg = Debug|Any CPU
		{E0ED39EC-939B-46B6-8609-2575E592BFBA}.Debug|Any CPU.Build.0 = Debug|Any CPU
		{E0ED39EC-939B-46B6-8609-2575E592BFBA}.Release|Any CPU.ActiveCfg = Release|Any CPU
		{E0ED39EC-939B-46B6-8609-2575E592BFBA}.Release|Any CPU.Build.0 = Release|Any CPU
	EndGlobalSection
	GlobalSection(SolutionProperties) = preSolution
		HideSolutionNode = FALSE
	EndGlobalSection
	GlobalSection(ExtensibilityGlobals) = postSolution
		SolutionGuid = {1D6D9B1E-CA08-40ED-833E-8072BE3C6803}
	EndGlobalSection
EndGlobal
